
Microsoft Visual Studio Solution File, Format Version 12.00
# Visual Studio 15
VisualStudioVersion = 15.0.28010.2036
MinimumVisualStudioVersion = 10.0.40219.1
Project("{FAE04EC0-301F-11D3-BF4B-00C04F79EFBC}") = "SalesDemo.Android", "SalesDemo\SalesDemo.Android\SalesDemo.Android.csproj", "{8CED0BF9-3E2C-47D1-995A-D143DF5A5F84}"
EndProject
Project("{FAE04EC0-301F-11D3-BF4B-00C04F79EFBC}") = "SalesDemo.iOS", "SalesDemo\SalesDemo.iOS\SalesDemo.iOS.csproj", "{DD4D18BF-445D-4CB7-8D2D-4B7A8D78AEA5}"
EndProject
Project("{FAE04EC0-301F-11D3-BF4B-00C04F79EFBC}") = "SalesDemo.UWP", "SalesDemo\SalesDemo.UWP\SalesDemo.UWP.csproj", "{46230E01-C71D-4923-9925-C1DED74715C3}"
EndProject
Project("{FAE04EC0-301F-11D3-BF4B-00C04F79EFBC}") = "SalesDemo", "SalesDemo\SalesDemo\SalesDemo.csproj", "{E5DB14F4-25EE-4095-98DB-9987886E8C9A}"
EndProject
Project("{FAE04EC0-301F-11D3-BF4B-00C04F79EFBC}") = "SalesDemo.Backend", "SalesDemo.Backend\SalesDemo.Backend.csproj", "{8E147CB1-BC05-44DB-878C-04203C1FD4C4}"
EndProject
Project("{FAE04EC0-301F-11D3-BF4B-00C04F79EFBC}") = "SalesDemo.Api", "SalesDemo.Api\SalesDemo.Api.csproj", "{FF54365D-B235-449F-B7EA-D1E66C773049}"
EndProject
Project("{FAE04EC0-301F-11D3-BF4B-00C04F79EFBC}") = "SalesDemo.Domain", "SalesDemo.Domain\SalesDemo.Domain.csproj", "{F2DDE933-F22D-4DB2-A928-836C86B47DB3}"
EndProject
Project("{FAE04EC0-301F-11D3-BF4B-00C04F79EFBC}") = "SalesDemo.Common", "SalesDemo.Common\SalesDemo.Common.csproj", "{41DC46FE-B3C9-482D-A2DD-984DAB3C472A}"
EndProject
Global
	GlobalSection(SolutionConfigurationPlatforms) = preSolution
		Ad-Hoc|Any CPU = Ad-Hoc|Any CPU
		Ad-Hoc|ARM = Ad-Hoc|ARM
		Ad-Hoc|iPhone = Ad-Hoc|iPhone
		Ad-Hoc|iPhoneSimulator = Ad-Hoc|iPhoneSimulator
		Ad-Hoc|x64 = Ad-Hoc|x64
		Ad-Hoc|x86 = Ad-Hoc|x86
		AppStore|Any CPU = AppStore|Any CPU
		AppStore|ARM = AppStore|ARM
		AppStore|iPhone = AppStore|iPhone
		AppStore|iPhoneSimulator = AppStore|iPhoneSimulator
		AppStore|x64 = AppStore|x64
		AppStore|x86 = AppStore|x86
		Debug|Any CPU = Debug|Any CPU
		Debug|ARM = Debug|ARM
		Debug|iPhone = Debug|iPhone
		Debug|iPhoneSimulator = Debug|iPhoneSimulator
		Debug|x64 = Debug|x64
		Debug|x86 = Debug|x86
		Release|Any CPU = Release|Any CPU
		Release|ARM = Release|ARM
		Release|iPhone = Release|iPhone
		Release|iPhoneSimulator = Release|iPhoneSimulator
		Release|x64 = Release|x64
		Release|x86 = Release|x86
	EndGlobalSection
	GlobalSection(ProjectConfigurationPlatforms) = postSolution
		{8CED0BF9-3E2C-47D1-995A-D143DF5A5F84}.Ad-Hoc|Any CPU.ActiveCfg = Release|Any CPU
		{8CED0BF9-3E2C-47D1-995A-D143DF5A5F84}.Ad-Hoc|Any CPU.Build.0 = Release|Any CPU
		{8CED0BF9-3E2C-47D1-995A-D143DF5A5F84}.Ad-Hoc|Any CPU.Deploy.0 = Release|Any CPU
		{8CED0BF9-3E2C-47D1-995A-D143DF5A5F84}.Ad-Hoc|ARM.ActiveCfg = Release|Any CPU
		{8CED0BF9-3E2C-47D1-995A-D143DF5A5F84}.Ad-Hoc|ARM.Build.0 = Release|Any CPU
		{8CED0BF9-3E2C-47D1-995A-D143DF5A5F84}.Ad-Hoc|ARM.Deploy.0 = Release|Any CPU
		{8CED0BF9-3E2C-47D1-995A-D143DF5A5F84}.Ad-Hoc|iPhone.ActiveCfg = Release|Any CPU
		{8CED0BF9-3E2C-47D1-995A-D143DF5A5F84}.Ad-Hoc|iPhone.Build.0 = Release|Any CPU
		{8CED0BF9-3E2C-47D1-995A-D143DF5A5F84}.Ad-Hoc|iPhone.Deploy.0 = Release|Any CPU
		{8CED0BF9-3E2C-47D1-995A-D143DF5A5F84}.Ad-Hoc|iPhoneSimulator.ActiveCfg = Release|Any CPU
		{8CED0BF9-3E2C-47D1-995A-D143DF5A5F84}.Ad-Hoc|iPhoneSimulator.Build.0 = Release|Any CPU
		{8CED0BF9-3E2C-47D1-995A-D143DF5A5F84}.Ad-Hoc|iPhoneSimulator.Deploy.0 = Release|Any CPU
		{8CED0BF9-3E2C-47D1-995A-D143DF5A5F84}.Ad-Hoc|x64.ActiveCfg = Release|Any CPU
		{8CED0BF9-3E2C-47D1-995A-D143DF5A5F84}.Ad-Hoc|x64.Build.0 = Release|Any CPU
		{8CED0BF9-3E2C-47D1-995A-D143DF5A5F84}.Ad-Hoc|x64.Deploy.0 = Release|Any CPU
		{8CED0BF9-3E2C-47D1-995A-D143DF5A5F84}.Ad-Hoc|x86.ActiveCfg = Release|Any CPU
		{8CED0BF9-3E2C-47D1-995A-D143DF5A5F84}.Ad-Hoc|x86.Build.0 = Release|Any CPU
		{8CED0BF9-3E2C-47D1-995A-D143DF5A5F84}.Ad-Hoc|x86.Deploy.0 = Release|Any CPU
		{8CED0BF9-3E2C-47D1-995A-D143DF5A5F84}.AppStore|Any CPU.ActiveCfg = Release|Any CPU
		{8CED0BF9-3E2C-47D1-995A-D143DF5A5F84}.AppStore|Any CPU.Build.0 = Release|Any CPU
		{8CED0BF9-3E2C-47D1-995A-D143DF5A5F84}.AppStore|Any CPU.Deploy.0 = Release|Any CPU
		{8CED0BF9-3E2C-47D1-995A-D143DF5A5F84}.AppStore|ARM.ActiveCfg = Release|Any CPU
		{8CED0BF9-3E2C-47D1-995A-D143DF5A5F84}.AppStore|ARM.Build.0 = Release|Any CPU
		{8CED0BF9-3E2C-47D1-995A-D143DF5A5F84}.AppStore|ARM.Deploy.0 = Release|Any CPU
		{8CED0BF9-3E2C-47D1-995A-D143DF5A5F84}.AppStore|iPhone.ActiveCfg = Release|Any CPU
		{8CED0BF9-3E2C-47D1-995A-D143DF5A5F84}.AppStore|iPhone.Build.0 = Release|Any CPU
		{8CED0BF9-3E2C-47D1-995A-D143DF5A5F84}.AppStore|iPhone.Deploy.0 = Release|Any CPU
		{8CED0BF9-3E2C-47D1-995A-D143DF5A5F84}.AppStore|iPhoneSimulator.ActiveCfg = Release|Any CPU
		{8CED0BF9-3E2C-47D1-995A-D143DF5A5F84}.AppStore|iPhoneSimulator.Build.0 = Release|Any CPU
		{8CED0BF9-3E2C-47D1-995A-D143DF5A5F84}.AppStore|iPhoneSimulator.Deploy.0 = Release|Any CPU
		{8CED0BF9-3E2C-47D1-995A-D143DF5A5F84}.AppStore|x64.ActiveCfg = Release|Any CPU
		{8CED0BF9-3E2C-47D1-995A-D143DF5A5F84}.AppStore|x64.Build.0 = Release|Any CPU
		{8CED0BF9-3E2C-47D1-995A-D143DF5A5F84}.AppStore|x64.Deploy.0 = Release|Any CPU
		{8CED0BF9-3E2C-47D1-995A-D143DF5A5F84}.AppStore|x86.ActiveCfg = Release|Any CPU
		{8CED0BF9-3E2C-47D1-995A-D143DF5A5F84}.AppStore|x86.Build.0 = Release|Any CPU
		{8CED0BF9-3E2C-47D1-995A-D143DF5A5F84}.AppStore|x86.Deploy.0 = Release|Any CPU
		{8CED0BF9-3E2C-47D1-995A-D143DF5A5F84}.Debug|Any CPU.ActiveCfg = Debug|Any CPU
		{8CED0BF9-3E2C-47D1-995A-D143DF5A5F84}.Debug|Any CPU.Build.0 = Debug|Any CPU
		{8CED0BF9-3E2C-47D1-995A-D143DF5A5F84}.Debug|Any CPU.Deploy.0 = Debug|Any CPU
		{8CED0BF9-3E2C-47D1-995A-D143DF5A5F84}.Debug|ARM.ActiveCfg = Debug|Any CPU
		{8CED0BF9-3E2C-47D1-995A-D143DF5A5F84}.Debug|ARM.Build.0 = Debug|Any CPU
		{8CED0BF9-3E2C-47D1-995A-D143DF5A5F84}.Debug|ARM.Deploy.0 = Debug|Any CPU
		{8CED0BF9-3E2C-47D1-995A-D143DF5A5F84}.Debug|iPhone.ActiveCfg = Debug|Any CPU
		{8CED0BF9-3E2C-47D1-995A-D143DF5A5F84}.Debug|iPhone.Build.0 = Debug|Any CPU
		{8CED0BF9-3E2C-47D1-995A-D143DF5A5F84}.Debug|iPhone.Deploy.0 = Debug|Any CPU
		{8CED0BF9-3E2C-47D1-995A-D143DF5A5F84}.Debug|iPhoneSimulator.ActiveCfg = Debug|Any CPU
		{8CED0BF9-3E2C-47D1-995A-D143DF5A5F84}.Debug|iPhoneSimulator.Build.0 = Debug|Any CPU
		{8CED0BF9-3E2C-47D1-995A-D143DF5A5F84}.Debug|iPhoneSimulator.Deploy.0 = Debug|Any CPU
		{8CED0BF9-3E2C-47D1-995A-D143DF5A5F84}.Debug|x64.ActiveCfg = Debug|Any CPU
		{8CED0BF9-3E2C-47D1-995A-D143DF5A5F84}.Debug|x64.Build.0 = Debug|Any CPU
		{8CED0BF9-3E2C-47D1-995A-D143DF5A5F84}.Debug|x64.Deploy.0 = Debug|Any CPU
		{8CED0BF9-3E2C-47D1-995A-D143DF5A5F84}.Debug|x86.ActiveCfg = Debug|Any CPU
		{8CED0BF9-3E2C-47D1-995A-D143DF5A5F84}.Debug|x86.Build.0 = Debug|Any CPU
		{8CED0BF9-3E2C-47D1-995A-D143DF5A5F84}.Debug|x86.Deploy.0 = Debug|Any CPU
		{8CED0BF9-3E2C-47D1-995A-D143DF5A5F84}.Release|Any CPU.ActiveCfg = Release|Any CPU
		{8CED0BF9-3E2C-47D1-995A-D143DF5A5F84}.Release|Any CPU.Build.0 = Release|Any CPU
		{8CED0BF9-3E2C-47D1-995A-D143DF5A5F84}.Release|Any CPU.Deploy.0 = Release|Any CPU
		{8CED0BF9-3E2C-47D1-995A-D143DF5A5F84}.Release|ARM.ActiveCfg = Release|Any CPU
		{8CED0BF9-3E2C-47D1-995A-D143DF5A5F84}.Release|ARM.Build.0 = Release|Any CPU
		{8CED0BF9-3E2C-47D1-995A-D143DF5A5F84}.Release|ARM.Deploy.0 = Release|Any CPU
		{8CED0BF9-3E2C-47D1-995A-D143DF5A5F84}.Release|iPhone.ActiveCfg = Release|Any CPU
		{8CED0BF9-3E2C-47D1-995A-D143DF5A5F84}.Release|iPhone.Build.0 = Release|Any CPU
		{8CED0BF9-3E2C-47D1-995A-D143DF5A5F84}.Release|iPhone.Deploy.0 = Release|Any CPU
		{8CED0BF9-3E2C-47D1-995A-D143DF5A5F84}.Release|iPhoneSimulator.ActiveCfg = Release|Any CPU
		{8CED0BF9-3E2C-47D1-995A-D143DF5A5F84}.Release|iPhoneSimulator.Build.0 = Release|Any CPU
		{8CED0BF9-3E2C-47D1-995A-D143DF5A5F84}.Release|iPhoneSimulator.Deploy.0 = Release|Any CPU
		{8CED0BF9-3E2C-47D1-995A-D143DF5A5F84}.Release|x64.ActiveCfg = Release|Any CPU
		{8CED0BF9-3E2C-47D1-995A-D143DF5A5F84}.Release|x64.Build.0 = Release|Any CPU
		{8CED0BF9-3E2C-47D1-995A-D143DF5A5F84}.Release|x64.Deploy.0 = Release|Any CPU
		{8CED0BF9-3E2C-47D1-995A-D143DF5A5F84}.Release|x86.ActiveCfg = Release|Any CPU
		{8CED0BF9-3E2C-47D1-995A-D143DF5A5F84}.Release|x86.Build.0 = Release|Any CPU
		{8CED0BF9-3E2C-47D1-995A-D143DF5A5F84}.Release|x86.Deploy.0 = Release|Any CPU
		{DD4D18BF-445D-4CB7-8D2D-4B7A8D78AEA5}.Ad-Hoc|Any CPU.ActiveCfg = Ad-Hoc|iPhone
		{DD4D18BF-445D-4CB7-8D2D-4B7A8D78AEA5}.Ad-Hoc|Any CPU.Build.0 = Ad-Hoc|iPhone
		{DD4D18BF-445D-4CB7-8D2D-4B7A8D78AEA5}.Ad-Hoc|Any CPU.Deploy.0 = Ad-Hoc|iPhone
		{DD4D18BF-445D-4CB7-8D2D-4B7A8D78AEA5}.Ad-Hoc|ARM.ActiveCfg = Ad-Hoc|iPhone
		{DD4D18BF-445D-4CB7-8D2D-4B7A8D78AEA5}.Ad-Hoc|ARM.Build.0 = Ad-Hoc|iPhone
		{DD4D18BF-445D-4CB7-8D2D-4B7A8D78AEA5}.Ad-Hoc|ARM.Deploy.0 = Ad-Hoc|iPhone
		{DD4D18BF-445D-4CB7-8D2D-4B7A8D78AEA5}.Ad-Hoc|iPhone.ActiveCfg = Ad-Hoc|iPhone
		{DD4D18BF-445D-4CB7-8D2D-4B7A8D78AEA5}.Ad-Hoc|iPhone.Build.0 = Ad-Hoc|iPhone
		{DD4D18BF-445D-4CB7-8D2D-4B7A8D78AEA5}.Ad-Hoc|iPhone.Deploy.0 = Ad-Hoc|iPhone
		{DD4D18BF-445D-4CB7-8D2D-4B7A8D78AEA5}.Ad-Hoc|iPhoneSimulator.ActiveCfg = Ad-Hoc|iPhoneSimulator
		{DD4D18BF-445D-4CB7-8D2D-4B7A8D78AEA5}.Ad-Hoc|iPhoneSimulator.Build.0 = Ad-Hoc|iPhoneSimulator
		{DD4D18BF-445D-4CB7-8D2D-4B7A8D78AEA5}.Ad-Hoc|iPhoneSimulator.Deploy.0 = Ad-Hoc|iPhoneSimulator
		{DD4D18BF-445D-4CB7-8D2D-4B7A8D78AEA5}.Ad-Hoc|x64.ActiveCfg = Ad-Hoc|iPhone
		{DD4D18BF-445D-4CB7-8D2D-4B7A8D78AEA5}.Ad-Hoc|x64.Build.0 = Ad-Hoc|iPhone
		{DD4D18BF-445D-4CB7-8D2D-4B7A8D78AEA5}.Ad-Hoc|x64.Deploy.0 = Ad-Hoc|iPhone
		{DD4D18BF-445D-4CB7-8D2D-4B7A8D78AEA5}.Ad-Hoc|x86.ActiveCfg = Ad-Hoc|iPhone
		{DD4D18BF-445D-4CB7-8D2D-4B7A8D78AEA5}.Ad-Hoc|x86.Build.0 = Ad-Hoc|iPhone
		{DD4D18BF-445D-4CB7-8D2D-4B7A8D78AEA5}.Ad-Hoc|x86.Deploy.0 = Ad-Hoc|iPhone
		{DD4D18BF-445D-4CB7-8D2D-4B7A8D78AEA5}.AppStore|Any CPU.ActiveCfg = AppStore|iPhone
		{DD4D18BF-445D-4CB7-8D2D-4B7A8D78AEA5}.AppStore|Any CPU.Build.0 = AppStore|iPhone
		{DD4D18BF-445D-4CB7-8D2D-4B7A8D78AEA5}.AppStore|Any CPU.Deploy.0 = AppStore|iPhone
		{DD4D18BF-445D-4CB7-8D2D-4B7A8D78AEA5}.AppStore|ARM.ActiveCfg = AppStore|iPhone
		{DD4D18BF-445D-4CB7-8D2D-4B7A8D78AEA5}.AppStore|ARM.Build.0 = AppStore|iPhone
		{DD4D18BF-445D-4CB7-8D2D-4B7A8D78AEA5}.AppStore|ARM.Deploy.0 = AppStore|iPhone
		{DD4D18BF-445D-4CB7-8D2D-4B7A8D78AEA5}.AppStore|iPhone.ActiveCfg = AppStore|iPhone
		{DD4D18BF-445D-4CB7-8D2D-4B7A8D78AEA5}.AppStore|iPhone.Build.0 = AppStore|iPhone
		{DD4D18BF-445D-4CB7-8D2D-4B7A8D78AEA5}.AppStore|iPhone.Deploy.0 = AppStore|iPhone
		{DD4D18BF-445D-4CB7-8D2D-4B7A8D78AEA5}.AppStore|iPhoneSimulator.ActiveCfg = AppStore|iPhoneSimulator
		{DD4D18BF-445D-4CB7-8D2D-4B7A8D78AEA5}.AppStore|iPhoneSimulator.Build.0 = AppStore|iPhoneSimulator
		{DD4D18BF-445D-4CB7-8D2D-4B7A8D78AEA5}.AppStore|iPhoneSimulator.Deploy.0 = AppStore|iPhoneSimulator
		{DD4D18BF-445D-4CB7-8D2D-4B7A8D78AEA5}.AppStore|x64.ActiveCfg = AppStore|iPhone
		{DD4D18BF-445D-4CB7-8D2D-4B7A8D78AEA5}.AppStore|x64.Build.0 = AppStore|iPhone
		{DD4D18BF-445D-4CB7-8D2D-4B7A8D78AEA5}.AppStore|x64.Deploy.0 = AppStore|iPhone
		{DD4D18BF-445D-4CB7-8D2D-4B7A8D78AEA5}.AppStore|x86.ActiveCfg = AppStore|iPhone
		{DD4D18BF-445D-4CB7-8D2D-4B7A8D78AEA5}.AppStore|x86.Build.0 = AppStore|iPhone
		{DD4D18BF-445D-4CB7-8D2D-4B7A8D78AEA5}.AppStore|x86.Deploy.0 = AppStore|iPhone
		{DD4D18BF-445D-4CB7-8D2D-4B7A8D78AEA5}.Debug|Any CPU.ActiveCfg = Debug|iPhoneSimulator
		{DD4D18BF-445D-4CB7-8D2D-4B7A8D78AEA5}.Debug|Any CPU.Build.0 = Debug|iPhoneSimulator
		{DD4D18BF-445D-4CB7-8D2D-4B7A8D78AEA5}.Debug|Any CPU.Deploy.0 = Debug|iPhoneSimulator
		{DD4D18BF-445D-4CB7-8D2D-4B7A8D78AEA5}.Debug|ARM.ActiveCfg = Debug|iPhone
		{DD4D18BF-445D-4CB7-8D2D-4B7A8D78AEA5}.Debug|ARM.Build.0 = Debug|iPhone
		{DD4D18BF-445D-4CB7-8D2D-4B7A8D78AEA5}.Debug|ARM.Deploy.0 = Debug|iPhone
		{DD4D18BF-445D-4CB7-8D2D-4B7A8D78AEA5}.Debug|iPhone.ActiveCfg = Debug|iPhone
		{DD4D18BF-445D-4CB7-8D2D-4B7A8D78AEA5}.Debug|iPhone.Build.0 = Debug|iPhone
		{DD4D18BF-445D-4CB7-8D2D-4B7A8D78AEA5}.Debug|iPhone.Deploy.0 = Debug|iPhone
		{DD4D18BF-445D-4CB7-8D2D-4B7A8D78AEA5}.Debug|iPhoneSimulator.ActiveCfg = Debug|iPhoneSimulator
		{DD4D18BF-445D-4CB7-8D2D-4B7A8D78AEA5}.Debug|iPhoneSimulator.Build.0 = Debug|iPhoneSimulator
		{DD4D18BF-445D-4CB7-8D2D-4B7A8D78AEA5}.Debug|iPhoneSimulator.Deploy.0 = Debug|iPhoneSimulator
		{DD4D18BF-445D-4CB7-8D2D-4B7A8D78AEA5}.Debug|x64.ActiveCfg = Debug|iPhone
		{DD4D18BF-445D-4CB7-8D2D-4B7A8D78AEA5}.Debug|x64.Build.0 = Debug|iPhone
		{DD4D18BF-445D-4CB7-8D2D-4B7A8D78AEA5}.Debug|x64.Deploy.0 = Debug|iPhone
		{DD4D18BF-445D-4CB7-8D2D-4B7A8D78AEA5}.Debug|x86.ActiveCfg = Debug|iPhone
		{DD4D18BF-445D-4CB7-8D2D-4B7A8D78AEA5}.Debug|x86.Build.0 = Debug|iPhone
		{DD4D18BF-445D-4CB7-8D2D-4B7A8D78AEA5}.Debug|x86.Deploy.0 = Debug|iPhone
		{DD4D18BF-445D-4CB7-8D2D-4B7A8D78AEA5}.Release|Any CPU.ActiveCfg = Release|iPhone
		{DD4D18BF-445D-4CB7-8D2D-4B7A8D78AEA5}.Release|Any CPU.Build.0 = Release|iPhone
		{DD4D18BF-445D-4CB7-8D2D-4B7A8D78AEA5}.Release|Any CPU.Deploy.0 = Release|iPhone
		{DD4D18BF-445D-4CB7-8D2D-4B7A8D78AEA5}.Release|ARM.ActiveCfg = Release|iPhone
		{DD4D18BF-445D-4CB7-8D2D-4B7A8D78AEA5}.Release|ARM.Build.0 = Release|iPhone
		{DD4D18BF-445D-4CB7-8D2D-4B7A8D78AEA5}.Release|ARM.Deploy.0 = Release|iPhone
		{DD4D18BF-445D-4CB7-8D2D-4B7A8D78AEA5}.Release|iPhone.ActiveCfg = Release|iPhone
		{DD4D18BF-445D-4CB7-8D2D-4B7A8D78AEA5}.Release|iPhone.Build.0 = Release|iPhone
		{DD4D18BF-445D-4CB7-8D2D-4B7A8D78AEA5}.Release|iPhone.Deploy.0 = Release|iPhone
		{DD4D18BF-445D-4CB7-8D2D-4B7A8D78AEA5}.Release|iPhoneSimulator.ActiveCfg = Release|iPhoneSimulator
		{DD4D18BF-445D-4CB7-8D2D-4B7A8D78AEA5}.Release|iPhoneSimulator.Build.0 = Release|iPhoneSimulator
		{DD4D18BF-445D-4CB7-8D2D-4B7A8D78AEA5}.Release|iPhoneSimulator.Deploy.0 = Release|iPhoneSimulator
		{DD4D18BF-445D-4CB7-8D2D-4B7A8D78AEA5}.Release|x64.ActiveCfg = Release|iPhone
		{DD4D18BF-445D-4CB7-8D2D-4B7A8D78AEA5}.Release|x64.Build.0 = Release|iPhone
		{DD4D18BF-445D-4CB7-8D2D-4B7A8D78AEA5}.Release|x64.Deploy.0 = Release|iPhone
		{DD4D18BF-445D-4CB7-8D2D-4B7A8D78AEA5}.Release|x86.ActiveCfg = Release|iPhone
		{DD4D18BF-445D-4CB7-8D2D-4B7A8D78AEA5}.Release|x86.Build.0 = Release|iPhone
		{DD4D18BF-445D-4CB7-8D2D-4B7A8D78AEA5}.Release|x86.Deploy.0 = Release|iPhone
		{46230E01-C71D-4923-9925-C1DED74715C3}.Ad-Hoc|Any CPU.ActiveCfg = Release|x86
		{46230E01-C71D-4923-9925-C1DED74715C3}.Ad-Hoc|Any CPU.Build.0 = Release|x86
		{46230E01-C71D-4923-9925-C1DED74715C3}.Ad-Hoc|Any CPU.Deploy.0 = Release|x86
		{46230E01-C71D-4923-9925-C1DED74715C3}.Ad-Hoc|ARM.ActiveCfg = Release|ARM
		{46230E01-C71D-4923-9925-C1DED74715C3}.Ad-Hoc|ARM.Build.0 = Release|ARM
		{46230E01-C71D-4923-9925-C1DED74715C3}.Ad-Hoc|ARM.Deploy.0 = Release|ARM
		{46230E01-C71D-4923-9925-C1DED74715C3}.Ad-Hoc|iPhone.ActiveCfg = Release|x86
		{46230E01-C71D-4923-9925-C1DED74715C3}.Ad-Hoc|iPhone.Build.0 = Release|x86
		{46230E01-C71D-4923-9925-C1DED74715C3}.Ad-Hoc|iPhone.Deploy.0 = Release|x86
		{46230E01-C71D-4923-9925-C1DED74715C3}.Ad-Hoc|iPhoneSimulator.ActiveCfg = Release|x86
		{46230E01-C71D-4923-9925-C1DED74715C3}.Ad-Hoc|iPhoneSimulator.Build.0 = Release|x86
		{46230E01-C71D-4923-9925-C1DED74715C3}.Ad-Hoc|iPhoneSimulator.Deploy.0 = Release|x86
		{46230E01-C71D-4923-9925-C1DED74715C3}.Ad-Hoc|x64.ActiveCfg = Release|x64
		{46230E01-C71D-4923-9925-C1DED74715C3}.Ad-Hoc|x64.Build.0 = Release|x64
		{46230E01-C71D-4923-9925-C1DED74715C3}.Ad-Hoc|x64.Deploy.0 = Release|x64
		{46230E01-C71D-4923-9925-C1DED74715C3}.Ad-Hoc|x86.ActiveCfg = Release|x86
		{46230E01-C71D-4923-9925-C1DED74715C3}.Ad-Hoc|x86.Build.0 = Release|x86
		{46230E01-C71D-4923-9925-C1DED74715C3}.Ad-Hoc|x86.Deploy.0 = Release|x86
		{46230E01-C71D-4923-9925-C1DED74715C3}.AppStore|Any CPU.ActiveCfg = Release|x86
		{46230E01-C71D-4923-9925-C1DED74715C3}.AppStore|Any CPU.Build.0 = Release|x86
		{46230E01-C71D-4923-9925-C1DED74715C3}.AppStore|Any CPU.Deploy.0 = Release|x86
		{46230E01-C71D-4923-9925-C1DED74715C3}.AppStore|ARM.ActiveCfg = Release|ARM
		{46230E01-C71D-4923-9925-C1DED74715C3}.AppStore|ARM.Build.0 = Release|ARM
		{46230E01-C71D-4923-9925-C1DED74715C3}.AppStore|ARM.Deploy.0 = Release|ARM
		{46230E01-C71D-4923-9925-C1DED74715C3}.AppStore|iPhone.ActiveCfg = Release|x86
		{46230E01-C71D-4923-9925-C1DED74715C3}.AppStore|iPhone.Build.0 = Release|x86
		{46230E01-C71D-4923-9925-C1DED74715C3}.AppStore|iPhone.Deploy.0 = Release|x86
		{46230E01-C71D-4923-9925-C1DED74715C3}.AppStore|iPhoneSimulator.ActiveCfg = Release|x86
		{46230E01-C71D-4923-9925-C1DED74715C3}.AppStore|iPhoneSimulator.Build.0 = Release|x86
		{46230E01-C71D-4923-9925-C1DED74715C3}.AppStore|iPhoneSimulator.Deploy.0 = Release|x86
		{46230E01-C71D-4923-9925-C1DED74715C3}.AppStore|x64.ActiveCfg = Release|x64
		{46230E01-C71D-4923-9925-C1DED74715C3}.AppStore|x64.Build.0 = Release|x64
		{46230E01-C71D-4923-9925-C1DED74715C3}.AppStore|x64.Deploy.0 = Release|x64
		{46230E01-C71D-4923-9925-C1DED74715C3}.AppStore|x86.ActiveCfg = Release|x86
		{46230E01-C71D-4923-9925-C1DED74715C3}.AppStore|x86.Build.0 = Release|x86
		{46230E01-C71D-4923-9925-C1DED74715C3}.AppStore|x86.Deploy.0 = Release|x86
		{46230E01-C71D-4923-9925-C1DED74715C3}.Debug|Any CPU.ActiveCfg = Debug|x86
		{46230E01-C71D-4923-9925-C1DED74715C3}.Debug|Any CPU.Build.0 = Debug|x86
		{46230E01-C71D-4923-9925-C1DED74715C3}.Debug|Any CPU.Deploy.0 = Debug|x86
		{46230E01-C71D-4923-9925-C1DED74715C3}.Debug|ARM.ActiveCfg = Debug|ARM
		{46230E01-C71D-4923-9925-C1DED74715C3}.Debug|ARM.Build.0 = Debug|ARM
		{46230E01-C71D-4923-9925-C1DED74715C3}.Debug|ARM.Deploy.0 = Debug|ARM
		{46230E01-C71D-4923-9925-C1DED74715C3}.Debug|iPhone.ActiveCfg = Debug|x86
		{46230E01-C71D-4923-9925-C1DED74715C3}.Debug|iPhone.Build.0 = Debug|x86
		{46230E01-C71D-4923-9925-C1DED74715C3}.Debug|iPhone.Deploy.0 = Debug|x86
		{46230E01-C71D-4923-9925-C1DED74715C3}.Debug|iPhoneSimulator.ActiveCfg = Debug|x86
		{46230E01-C71D-4923-9925-C1DED74715C3}.Debug|iPhoneSimulator.Build.0 = Debug|x86
		{46230E01-C71D-4923-9925-C1DED74715C3}.Debug|iPhoneSimulator.Deploy.0 = Debug|x86
		{46230E01-C71D-4923-9925-C1DED74715C3}.Debug|x64.ActiveCfg = Debug|x64
		{46230E01-C71D-4923-9925-C1DED74715C3}.Debug|x64.Build.0 = Debug|x64
		{46230E01-C71D-4923-9925-C1DED74715C3}.Debug|x64.Deploy.0 = Debug|x64
		{46230E01-C71D-4923-9925-C1DED74715C3}.Debug|x86.ActiveCfg = Debug|x86
		{46230E01-C71D-4923-9925-C1DED74715C3}.Debug|x86.Build.0 = Debug|x86
		{46230E01-C71D-4923-9925-C1DED74715C3}.Debug|x86.Deploy.0 = Debug|x86
		{46230E01-C71D-4923-9925-C1DED74715C3}.Release|Any CPU.ActiveCfg = Release|x86
		{46230E01-C71D-4923-9925-C1DED74715C3}.Release|Any CPU.Build.0 = Release|x86
		{46230E01-C71D-4923-9925-C1DED74715C3}.Release|Any CPU.Deploy.0 = Release|x86
		{46230E01-C71D-4923-9925-C1DED74715C3}.Release|ARM.ActiveCfg = Release|ARM
		{46230E01-C71D-4923-9925-C1DED74715C3}.Release|ARM.Build.0 = Release|ARM
		{46230E01-C71D-4923-9925-C1DED74715C3}.Release|ARM.Deploy.0 = Release|ARM
		{46230E01-C71D-4923-9925-C1DED74715C3}.Release|iPhone.ActiveCfg = Release|x86
		{46230E01-C71D-4923-9925-C1DED74715C3}.Release|iPhone.Build.0 = Release|x86
		{46230E01-C71D-4923-9925-C1DED74715C3}.Release|iPhone.Deploy.0 = Release|x86
		{46230E01-C71D-4923-9925-C1DED74715C3}.Release|iPhoneSimulator.ActiveCfg = Release|x86
		{46230E01-C71D-4923-9925-C1DED74715C3}.Release|iPhoneSimulator.Build.0 = Release|x86
		{46230E01-C71D-4923-9925-C1DED74715C3}.Release|iPhoneSimulator.Deploy.0 = Release|x86
		{46230E01-C71D-4923-9925-C1DED74715C3}.Release|x64.ActiveCfg = Release|x64
		{46230E01-C71D-4923-9925-C1DED74715C3}.Release|x64.Build.0 = Release|x64
		{46230E01-C71D-4923-9925-C1DED74715C3}.Release|x64.Deploy.0 = Release|x64
		{46230E01-C71D-4923-9925-C1DED74715C3}.Release|x86.ActiveCfg = Release|x86
		{46230E01-C71D-4923-9925-C1DED74715C3}.Release|x86.Build.0 = Release|x86
		{46230E01-C71D-4923-9925-C1DED74715C3}.Release|x86.Deploy.0 = Release|x86
		{E5DB14F4-25EE-4095-98DB-9987886E8C9A}.Ad-Hoc|Any CPU.ActiveCfg = Debug|Any CPU
		{E5DB14F4-25EE-4095-98DB-9987886E8C9A}.Ad-Hoc|Any CPU.Build.0 = Debug|Any CPU
		{E5DB14F4-25EE-4095-98DB-9987886E8C9A}.Ad-Hoc|Any CPU.Deploy.0 = Debug|Any CPU
		{E5DB14F4-25EE-4095-98DB-9987886E8C9A}.Ad-Hoc|ARM.ActiveCfg = Debug|Any CPU
		{E5DB14F4-25EE-4095-98DB-9987886E8C9A}.Ad-Hoc|ARM.Build.0 = Debug|Any CPU
		{E5DB14F4-25EE-4095-98DB-9987886E8C9A}.Ad-Hoc|ARM.Deploy.0 = Debug|Any CPU
		{E5DB14F4-25EE-4095-98DB-9987886E8C9A}.Ad-Hoc|iPhone.ActiveCfg = Debug|Any CPU
		{E5DB14F4-25EE-4095-98DB-9987886E8C9A}.Ad-Hoc|iPhone.Build.0 = Debug|Any CPU
		{E5DB14F4-25EE-4095-98DB-9987886E8C9A}.Ad-Hoc|iPhone.Deploy.0 = Debug|Any CPU
		{E5DB14F4-25EE-4095-98DB-9987886E8C9A}.Ad-Hoc|iPhoneSimulator.ActiveCfg = Debug|Any CPU
		{E5DB14F4-25EE-4095-98DB-9987886E8C9A}.Ad-Hoc|iPhoneSimulator.Build.0 = Debug|Any CPU
		{E5DB14F4-25EE-4095-98DB-9987886E8C9A}.Ad-Hoc|iPhoneSimulator.Deploy.0 = Debug|Any CPU
		{E5DB14F4-25EE-4095-98DB-9987886E8C9A}.Ad-Hoc|x64.ActiveCfg = Debug|Any CPU
		{E5DB14F4-25EE-4095-98DB-9987886E8C9A}.Ad-Hoc|x64.Build.0 = Debug|Any CPU
		{E5DB14F4-25EE-4095-98DB-9987886E8C9A}.Ad-Hoc|x64.Deploy.0 = Debug|Any CPU
		{E5DB14F4-25EE-4095-98DB-9987886E8C9A}.Ad-Hoc|x86.ActiveCfg = Debug|Any CPU
		{E5DB14F4-25EE-4095-98DB-9987886E8C9A}.Ad-Hoc|x86.Build.0 = Debug|Any CPU
		{E5DB14F4-25EE-4095-98DB-9987886E8C9A}.Ad-Hoc|x86.Deploy.0 = Debug|Any CPU
		{E5DB14F4-25EE-4095-98DB-9987886E8C9A}.AppStore|Any CPU.ActiveCfg = Debug|Any CPU
		{E5DB14F4-25EE-4095-98DB-9987886E8C9A}.AppStore|Any CPU.Build.0 = Debug|Any CPU
		{E5DB14F4-25EE-4095-98DB-9987886E8C9A}.AppStore|Any CPU.Deploy.0 = Debug|Any CPU
		{E5DB14F4-25EE-4095-98DB-9987886E8C9A}.AppStore|ARM.ActiveCfg = Debug|Any CPU
		{E5DB14F4-25EE-4095-98DB-9987886E8C9A}.AppStore|ARM.Build.0 = Debug|Any CPU
		{E5DB14F4-25EE-4095-98DB-9987886E8C9A}.AppStore|ARM.Deploy.0 = Debug|Any CPU
		{E5DB14F4-25EE-4095-98DB-9987886E8C9A}.AppStore|iPhone.ActiveCfg = Debug|Any CPU
		{E5DB14F4-25EE-4095-98DB-9987886E8C9A}.AppStore|iPhone.Build.0 = Debug|Any CPU
		{E5DB14F4-25EE-4095-98DB-9987886E8C9A}.AppStore|iPhone.Deploy.0 = Debug|Any CPU
		{E5DB14F4-25EE-4095-98DB-9987886E8C9A}.AppStore|iPhoneSimulator.ActiveCfg = Debug|Any CPU
		{E5DB14F4-25EE-4095-98DB-9987886E8C9A}.AppStore|iPhoneSimulator.Build.0 = Debug|Any CPU
		{E5DB14F4-25EE-4095-98DB-9987886E8C9A}.AppStore|iPhoneSimulator.Deploy.0 = Debug|Any CPU
		{E5DB14F4-25EE-4095-98DB-9987886E8C9A}.AppStore|x64.ActiveCfg = Debug|Any CPU
		{E5DB14F4-25EE-4095-98DB-9987886E8C9A}.AppStore|x64.Build.0 = Debug|Any CPU
		{E5DB14F4-25EE-4095-98DB-9987886E8C9A}.AppStore|x64.Deploy.0 = Debug|Any CPU
		{E5DB14F4-25EE-4095-98DB-9987886E8C9A}.AppStore|x86.ActiveCfg = Debug|Any CPU
		{E5DB14F4-25EE-4095-98DB-9987886E8C9A}.AppStore|x86.Build.0 = Debug|Any CPU
		{E5DB14F4-25EE-4095-98DB-9987886E8C9A}.AppStore|x86.Deploy.0 = Debug|Any CPU
		{E5DB14F4-25EE-4095-98DB-9987886E8C9A}.Debug|Any CPU.ActiveCfg = Debug|Any CPU
		{E5DB14F4-25EE-4095-98DB-9987886E8C9A}.Debug|Any CPU.Build.0 = Debug|Any CPU
		{E5DB14F4-25EE-4095-98DB-9987886E8C9A}.Debug|Any CPU.Deploy.0 = Debug|Any CPU
		{E5DB14F4-25EE-4095-98DB-9987886E8C9A}.Debug|ARM.ActiveCfg = Debug|Any CPU
		{E5DB14F4-25EE-4095-98DB-9987886E8C9A}.Debug|ARM.Build.0 = Debug|Any CPU
		{E5DB14F4-25EE-4095-98DB-9987886E8C9A}.Debug|ARM.Deploy.0 = Debug|Any CPU
		{E5DB14F4-25EE-4095-98DB-9987886E8C9A}.Debug|iPhone.ActiveCfg = Debug|Any CPU
		{E5DB14F4-25EE-4095-98DB-9987886E8C9A}.Debug|iPhone.Build.0 = Debug|Any CPU
		{E5DB14F4-25EE-4095-98DB-9987886E8C9A}.Debug|iPhone.Deploy.0 = Debug|Any CPU
		{E5DB14F4-25EE-4095-98DB-9987886E8C9A}.Debug|iPhoneSimulator.ActiveCfg = Debug|Any CPU
		{E5DB14F4-25EE-4095-98DB-9987886E8C9A}.Debug|iPhoneSimulator.Build.0 = Debug|Any CPU
		{E5DB14F4-25EE-4095-98DB-9987886E8C9A}.Debug|iPhoneSimulator.Deploy.0 = Debug|Any CPU
		{E5DB14F4-25EE-4095-98DB-9987886E8C9A}.Debug|x64.ActiveCfg = Debug|Any CPU
		{E5DB14F4-25EE-4095-98DB-9987886E8C9A}.Debug|x64.Build.0 = Debug|Any CPU
		{E5DB14F4-25EE-4095-98DB-9987886E8C9A}.Debug|x64.Deploy.0 = Debug|Any CPU
		{E5DB14F4-25EE-4095-98DB-9987886E8C9A}.Debug|x86.ActiveCfg = Debug|Any CPU
		{E5DB14F4-25EE-4095-98DB-9987886E8C9A}.Debug|x86.Build.0 = Debug|Any CPU
		{E5DB14F4-25EE-4095-98DB-9987886E8C9A}.Debug|x86.Deploy.0 = Debug|Any CPU
		{E5DB14F4-25EE-4095-98DB-9987886E8C9A}.Release|Any CPU.ActiveCfg = Release|Any CPU
		{E5DB14F4-25EE-4095-98DB-9987886E8C9A}.Release|Any CPU.Build.0 = Release|Any CPU
		{E5DB14F4-25EE-4095-98DB-9987886E8C9A}.Release|Any CPU.Deploy.0 = Release|Any CPU
		{E5DB14F4-25EE-4095-98DB-9987886E8C9A}.Release|ARM.ActiveCfg = Release|Any CPU
		{E5DB14F4-25EE-4095-98DB-9987886E8C9A}.Release|ARM.Build.0 = Release|Any CPU
		{E5DB14F4-25EE-4095-98DB-9987886E8C9A}.Release|ARM.Deploy.0 = Release|Any CPU
		{E5DB14F4-25EE-4095-98DB-9987886E8C9A}.Release|iPhone.ActiveCfg = Release|Any CPU
		{E5DB14F4-25EE-4095-98DB-9987886E8C9A}.Release|iPhone.Build.0 = Release|Any CPU
		{E5DB14F4-25EE-4095-98DB-9987886E8C9A}.Release|iPhone.Deploy.0 = Release|Any CPU
		{E5DB14F4-25EE-4095-98DB-9987886E8C9A}.Release|iPhoneSimulator.ActiveCfg = Release|Any CPU
		{E5DB14F4-25EE-4095-98DB-9987886E8C9A}.Release|iPhoneSimulator.Build.0 = Release|Any CPU
		{E5DB14F4-25EE-4095-98DB-9987886E8C9A}.Release|iPhoneSimulator.Deploy.0 = Release|Any CPU
		{E5DB14F4-25EE-4095-98DB-9987886E8C9A}.Release|x64.ActiveCfg = Release|Any CPU
		{E5DB14F4-25EE-4095-98DB-9987886E8C9A}.Release|x64.Build.0 = Release|Any CPU
		{E5DB14F4-25EE-4095-98DB-9987886E8C9A}.Release|x64.Deploy.0 = Release|Any CPU
		{E5DB14F4-25EE-4095-98DB-9987886E8C9A}.Release|x86.ActiveCfg = Release|Any CPU
		{E5DB14F4-25EE-4095-98DB-9987886E8C9A}.Release|x86.Build.0 = Release|Any CPU
		{E5DB14F4-25EE-4095-98DB-9987886E8C9A}.Release|x86.Deploy.0 = Release|Any CPU
		{8E147CB1-BC05-44DB-878C-04203C1FD4C4}.Ad-Hoc|Any CPU.ActiveCfg = Release|Any CPU
		{8E147CB1-BC05-44DB-878C-04203C1FD4C4}.Ad-Hoc|Any CPU.Build.0 = Release|Any CPU
		{8E147CB1-BC05-44DB-878C-04203C1FD4C4}.Ad-Hoc|ARM.ActiveCfg = Release|Any CPU
		{8E147CB1-BC05-44DB-878C-04203C1FD4C4}.Ad-Hoc|ARM.Build.0 = Release|Any CPU
		{8E147CB1-BC05-44DB-878C-04203C1FD4C4}.Ad-Hoc|iPhone.ActiveCfg = Release|Any CPU
		{8E147CB1-BC05-44DB-878C-04203C1FD4C4}.Ad-Hoc|iPhone.Build.0 = Release|Any CPU
		{8E147CB1-BC05-44DB-878C-04203C1FD4C4}.Ad-Hoc|iPhoneSimulator.ActiveCfg = Release|Any CPU
		{8E147CB1-BC05-44DB-878C-04203C1FD4C4}.Ad-Hoc|iPhoneSimulator.Build.0 = Release|Any CPU
		{8E147CB1-BC05-44DB-878C-04203C1FD4C4}.Ad-Hoc|x64.ActiveCfg = Release|Any CPU
		{8E147CB1-BC05-44DB-878C-04203C1FD4C4}.Ad-Hoc|x64.Build.0 = Release|Any CPU
		{8E147CB1-BC05-44DB-878C-04203C1FD4C4}.Ad-Hoc|x86.ActiveCfg = Release|Any CPU
		{8E147CB1-BC05-44DB-878C-04203C1FD4C4}.Ad-Hoc|x86.Build.0 = Release|Any CPU
		{8E147CB1-BC05-44DB-878C-04203C1FD4C4}.AppStore|Any CPU.ActiveCfg = Release|Any CPU
		{8E147CB1-BC05-44DB-878C-04203C1FD4C4}.AppStore|Any CPU.Build.0 = Release|Any CPU
		{8E147CB1-BC05-44DB-878C-04203C1FD4C4}.AppStore|ARM.ActiveCfg = Release|Any CPU
		{8E147CB1-BC05-44DB-878C-04203C1FD4C4}.AppStore|ARM.Build.0 = Release|Any CPU
		{8E147CB1-BC05-44DB-878C-04203C1FD4C4}.AppStore|iPhone.ActiveCfg = Release|Any CPU
		{8E147CB1-BC05-44DB-878C-04203C1FD4C4}.AppStore|iPhone.Build.0 = Release|Any CPU
		{8E147CB1-BC05-44DB-878C-04203C1FD4C4}.AppStore|iPhoneSimulator.ActiveCfg = Release|Any CPU
		{8E147CB1-BC05-44DB-878C-04203C1FD4C4}.AppStore|iPhoneSimulator.Build.0 = Release|Any CPU
		{8E147CB1-BC05-44DB-878C-04203C1FD4C4}.AppStore|x64.ActiveCfg = Release|Any CPU
		{8E147CB1-BC05-44DB-878C-04203C1FD4C4}.AppStore|x64.Build.0 = Release|Any CPU
		{8E147CB1-BC05-44DB-878C-04203C1FD4C4}.AppStore|x86.ActiveCfg = Release|Any CPU
		{8E147CB1-BC05-44DB-878C-04203C1FD4C4}.AppStore|x86.Build.0 = Release|Any CPU
		{8E147CB1-BC05-44DB-878C-04203C1FD4C4}.Debug|Any CPU.ActiveCfg = Debug|Any CPU
		{8E147CB1-BC05-44DB-878C-04203C1FD4C4}.Debug|Any CPU.Build.0 = Debug|Any CPU
		{8E147CB1-BC05-44DB-878C-04203C1FD4C4}.Debug|ARM.ActiveCfg = Debug|Any CPU
		{8E147CB1-BC05-44DB-878C-04203C1FD4C4}.Debug|ARM.Build.0 = Debug|Any CPU
		{8E147CB1-BC05-44DB-878C-04203C1FD4C4}.Debug|iPhone.ActiveCfg = Debug|Any CPU
		{8E147CB1-BC05-44DB-878C-04203C1FD4C4}.Debug|iPhone.Build.0 = Debug|Any CPU
		{8E147CB1-BC05-44DB-878C-04203C1FD4C4}.Debug|iPhoneSimulator.ActiveCfg = Debug|Any CPU
		{8E147CB1-BC05-44DB-878C-04203C1FD4C4}.Debug|iPhoneSimulator.Build.0 = Debug|Any CPU
		{8E147CB1-BC05-44DB-878C-04203C1FD4C4}.Debug|x64.ActiveCfg = Debug|Any CPU
		{8E147CB1-BC05-44DB-878C-04203C1FD4C4}.Debug|x64.Build.0 = Debug|Any CPU
		{8E147CB1-BC05-44DB-878C-04203C1FD4C4}.Debug|x86.ActiveCfg = Debug|Any CPU
		{8E147CB1-BC05-44DB-878C-04203C1FD4C4}.Debug|x86.Build.0 = Debug|Any CPU
		{8E147CB1-BC05-44DB-878C-04203C1FD4C4}.Release|Any CPU.ActiveCfg = Release|Any CPU
		{8E147CB1-BC05-44DB-878C-04203C1FD4C4}.Release|Any CPU.Build.0 = Release|Any CPU
		{8E147CB1-BC05-44DB-878C-04203C1FD4C4}.Release|ARM.ActiveCfg = Release|Any CPU
		{8E147CB1-BC05-44DB-878C-04203C1FD4C4}.Release|ARM.Build.0 = Release|Any CPU
		{8E147CB1-BC05-44DB-878C-04203C1FD4C4}.Release|iPhone.ActiveCfg = Release|Any CPU
		{8E147CB1-BC05-44DB-878C-04203C1FD4C4}.Release|iPhone.Build.0 = Release|Any CPU
		{8E147CB1-BC05-44DB-878C-04203C1FD4C4}.Release|iPhoneSimulator.ActiveCfg = Release|Any CPU
		{8E147CB1-BC05-44DB-878C-04203C1FD4C4}.Release|iPhoneSimulator.Build.0 = Release|Any CPU
		{8E147CB1-BC05-44DB-878C-04203C1FD4C4}.Release|x64.ActiveCfg = Release|Any CPU
		{8E147CB1-BC05-44DB-878C-04203C1FD4C4}.Release|x64.Build.0 = Release|Any CPU
		{8E147CB1-BC05-44DB-878C-04203C1FD4C4}.Release|x86.ActiveCfg = Release|Any CPU
		{8E147CB1-BC05-44DB-878C-04203C1FD4C4}.Release|x86.Build.0 = Release|Any CPU
		{FF54365D-B235-449F-B7EA-D1E66C773049}.Ad-Hoc|Any CPU.ActiveCfg = Release|Any CPU
		{FF54365D-B235-449F-B7EA-D1E66C773049}.Ad-Hoc|Any CPU.Build.0 = Release|Any CPU
		{FF54365D-B235-449F-B7EA-D1E66C773049}.Ad-Hoc|ARM.ActiveCfg = Release|Any CPU
		{FF54365D-B235-449F-B7EA-D1E66C773049}.Ad-Hoc|ARM.Build.0 = Release|Any CPU
		{FF54365D-B235-449F-B7EA-D1E66C773049}.Ad-Hoc|iPhone.ActiveCfg = Release|Any CPU
		{FF54365D-B235-449F-B7EA-D1E66C773049}.Ad-Hoc|iPhone.Build.0 = Release|Any CPU
		{FF54365D-B235-449F-B7EA-D1E66C773049}.Ad-Hoc|iPhoneSimulator.ActiveCfg = Release|Any CPU
		{FF54365D-B235-449F-B7EA-D1E66C773049}.Ad-Hoc|iPhoneSimulator.Build.0 = Release|Any CPU
		{FF54365D-B235-449F-B7EA-D1E66C773049}.Ad-Hoc|x64.ActiveCfg = Release|Any CPU
		{FF54365D-B235-449F-B7EA-D1E66C773049}.Ad-Hoc|x64.Build.0 = Release|Any CPU
		{FF54365D-B235-449F-B7EA-D1E66C773049}.Ad-Hoc|x86.ActiveCfg = Release|Any CPU
		{FF54365D-B235-449F-B7EA-D1E66C773049}.Ad-Hoc|x86.Build.0 = Release|Any CPU
		{FF54365D-B235-449F-B7EA-D1E66C773049}.AppStore|Any CPU.ActiveCfg = Release|Any CPU
		{FF54365D-B235-449F-B7EA-D1E66C773049}.AppStore|Any CPU.Build.0 = Release|Any CPU
		{FF54365D-B235-449F-B7EA-D1E66C773049}.AppStore|ARM.ActiveCfg = Release|Any CPU
		{FF54365D-B235-449F-B7EA-D1E66C773049}.AppStore|ARM.Build.0 = Release|Any CPU
		{FF54365D-B235-449F-B7EA-D1E66C773049}.AppStore|iPhone.ActiveCfg = Release|Any CPU
		{FF54365D-B235-449F-B7EA-D1E66C773049}.AppStore|iPhone.Build.0 = Release|Any CPU
		{FF54365D-B235-449F-B7EA-D1E66C773049}.AppStore|iPhoneSimulator.ActiveCfg = Release|Any CPU
		{FF54365D-B235-449F-B7EA-D1E66C773049}.AppStore|iPhoneSimulator.Build.0 = Release|Any CPU
		{FF54365D-B235-449F-B7EA-D1E66C773049}.AppStore|x64.ActiveCfg = Release|Any CPU
		{FF54365D-B235-449F-B7EA-D1E66C773049}.AppStore|x64.Build.0 = Release|Any CPU
		{FF54365D-B235-449F-B7EA-D1E66C773049}.AppStore|x86.ActiveCfg = Release|Any CPU
		{FF54365D-B235-449F-B7EA-D1E66C773049}.AppStore|x86.Build.0 = Release|Any CPU
		{FF54365D-B235-449F-B7EA-D1E66C773049}.Debug|Any CPU.ActiveCfg = Debug|Any CPU
		{FF54365D-B235-449F-B7EA-D1E66C773049}.Debug|Any CPU.Build.0 = Debug|Any CPU
		{FF54365D-B235-449F-B7EA-D1E66C773049}.Debug|ARM.ActiveCfg = Debug|Any CPU
		{FF54365D-B235-449F-B7EA-D1E66C773049}.Debug|ARM.Build.0 = Debug|Any CPU
		{FF54365D-B235-449F-B7EA-D1E66C773049}.Debug|iPhone.ActiveCfg = Debug|Any CPU
		{FF54365D-B235-449F-B7EA-D1E66C773049}.Debug|iPhone.Build.0 = Debug|Any CPU
		{FF54365D-B235-449F-B7EA-D1E66C773049}.Debug|iPhoneSimulator.ActiveCfg = Debug|Any CPU
		{FF54365D-B235-449F-B7EA-D1E66C773049}.Debug|iPhoneSimulator.Build.0 = Debug|Any CPU
		{FF54365D-B235-449F-B7EA-D1E66C773049}.Debug|x64.ActiveCfg = Debug|Any CPU
		{FF54365D-B235-449F-B7EA-D1E66C773049}.Debug|x64.Build.0 = Debug|Any CPU
		{FF54365D-B235-449F-B7EA-D1E66C773049}.Debug|x86.ActiveCfg = Debug|Any CPU
		{FF54365D-B235-449F-B7EA-D1E66C773049}.Debug|x86.Build.0 = Debug|Any CPU
		{FF54365D-B235-449F-B7EA-D1E66C773049}.Release|Any CPU.ActiveCfg = Release|Any CPU
		{FF54365D-B235-449F-B7EA-D1E66C773049}.Release|Any CPU.Build.0 = Release|Any CPU
		{FF54365D-B235-449F-B7EA-D1E66C773049}.Release|ARM.ActiveCfg = Release|Any CPU
		{FF54365D-B235-449F-B7EA-D1E66C773049}.Release|ARM.Build.0 = Release|Any CPU
		{FF54365D-B235-449F-B7EA-D1E66C773049}.Release|iPhone.ActiveCfg = Release|Any CPU
		{FF54365D-B235-449F-B7EA-D1E66C773049}.Release|iPhone.Build.0 = Release|Any CPU
		{FF54365D-B235-449F-B7EA-D1E66C773049}.Release|iPhoneSimulator.ActiveCfg = Release|Any CPU
		{FF54365D-B235-449F-B7EA-D1E66C773049}.Release|iPhoneSimulator.Build.0 = Release|Any CPU
		{FF54365D-B235-449F-B7EA-D1E66C773049}.Release|x64.ActiveCfg = Release|Any CPU
		{FF54365D-B235-449F-B7EA-D1E66C773049}.Release|x64.Build.0 = Release|Any CPU
		{FF54365D-B235-449F-B7EA-D1E66C773049}.Release|x86.ActiveCfg = Release|Any CPU
		{FF54365D-B235-449F-B7EA-D1E66C773049}.Release|x86.Build.0 = Release|Any CPU
		{F2DDE933-F22D-4DB2-A928-836C86B47DB3}.Ad-Hoc|Any CPU.ActiveCfg = Release|Any CPU
		{F2DDE933-F22D-4DB2-A928-836C86B47DB3}.Ad-Hoc|Any CPU.Build.0 = Release|Any CPU
		{F2DDE933-F22D-4DB2-A928-836C86B47DB3}.Ad-Hoc|ARM.ActiveCfg = Release|Any CPU
		{F2DDE933-F22D-4DB2-A928-836C86B47DB3}.Ad-Hoc|ARM.Build.0 = Release|Any CPU
		{F2DDE933-F22D-4DB2-A928-836C86B47DB3}.Ad-Hoc|iPhone.ActiveCfg = Release|Any CPU
		{F2DDE933-F22D-4DB2-A928-836C86B47DB3}.Ad-Hoc|iPhone.Build.0 = Release|Any CPU
		{F2DDE933-F22D-4DB2-A928-836C86B47DB3}.Ad-Hoc|iPhoneSimulator.ActiveCfg = Release|Any CPU
		{F2DDE933-F22D-4DB2-A928-836C86B47DB3}.Ad-Hoc|iPhoneSimulator.Build.0 = Release|Any CPU
		{F2DDE933-F22D-4DB2-A928-836C86B47DB3}.Ad-Hoc|x64.ActiveCfg = Release|Any CPU
		{F2DDE933-F22D-4DB2-A928-836C86B47DB3}.Ad-Hoc|x64.Build.0 = Release|Any CPU
		{F2DDE933-F22D-4DB2-A928-836C86B47DB3}.Ad-Hoc|x86.ActiveCfg = Release|Any CPU
		{F2DDE933-F22D-4DB2-A928-836C86B47DB3}.Ad-Hoc|x86.Build.0 = Release|Any CPU
		{F2DDE933-F22D-4DB2-A928-836C86B47DB3}.AppStore|Any CPU.ActiveCfg = Release|Any CPU
		{F2DDE933-F22D-4DB2-A928-836C86B47DB3}.AppStore|Any CPU.Build.0 = Release|Any CPU
		{F2DDE933-F22D-4DB2-A928-836C86B47DB3}.AppStore|ARM.ActiveCfg = Release|Any CPU
		{F2DDE933-F22D-4DB2-A928-836C86B47DB3}.AppStore|ARM.Build.0 = Release|Any CPU
		{F2DDE933-F22D-4DB2-A928-836C86B47DB3}.AppStore|iPhone.ActiveCfg = Release|Any CPU
		{F2DDE933-F22D-4DB2-A928-836C86B47DB3}.AppStore|iPhone.Build.0 = Release|Any CPU
		{F2DDE933-F22D-4DB2-A928-836C86B47DB3}.AppStore|iPhoneSimulator.ActiveCfg = Release|Any CPU
		{F2DDE933-F22D-4DB2-A928-836C86B47DB3}.AppStore|iPhoneSimulator.Build.0 = Release|Any CPU
		{F2DDE933-F22D-4DB2-A928-836C86B47DB3}.AppStore|x64.ActiveCfg = Release|Any CPU
		{F2DDE933-F22D-4DB2-A928-836C86B47DB3}.AppStore|x64.Build.0 = Release|Any CPU
		{F2DDE933-F22D-4DB2-A928-836C86B47DB3}.AppStore|x86.ActiveCfg = Release|Any CPU
		{F2DDE933-F22D-4DB2-A928-836C86B47DB3}.AppStore|x86.Build.0 = Release|Any CPU
		{F2DDE933-F22D-4DB2-A928-836C86B47DB3}.Debug|Any CPU.ActiveCfg = Debug|Any CPU
		{F2DDE933-F22D-4DB2-A928-836C86B47DB3}.Debug|Any CPU.Build.0 = Debug|Any CPU
		{F2DDE933-F22D-4DB2-A928-836C86B47DB3}.Debug|ARM.ActiveCfg = Debug|Any CPU
		{F2DDE933-F22D-4DB2-A928-836C86B47DB3}.Debug|ARM.Build.0 = Debug|Any CPU
		{F2DDE933-F22D-4DB2-A928-836C86B47DB3}.Debug|iPhone.ActiveCfg = Debug|Any CPU
		{F2DDE933-F22D-4DB2-A928-836C86B47DB3}.Debug|iPhone.Build.0 = Debug|Any CPU
		{F2DDE933-F22D-4DB2-A928-836C86B47DB3}.Debug|iPhoneSimulator.ActiveCfg = Debug|Any CPU
		{F2DDE933-F22D-4DB2-A928-836C86B47DB3}.Debug|iPhoneSimulator.Build.0 = Debug|Any CPU
		{F2DDE933-F22D-4DB2-A928-836C86B47DB3}.Debug|x64.ActiveCfg = Debug|Any CPU
		{F2DDE933-F22D-4DB2-A928-836C86B47DB3}.Debug|x64.Build.0 = Debug|Any CPU
		{F2DDE933-F22D-4DB2-A928-836C86B47DB3}.Debug|x86.ActiveCfg = Debug|Any CPU
		{F2DDE933-F22D-4DB2-A928-836C86B47DB3}.Debug|x86.Build.0 = Debug|Any CPU
		{F2DDE933-F22D-4DB2-A928-836C86B47DB3}.Release|Any CPU.ActiveCfg = Release|Any CPU
		{F2DDE933-F22D-4DB2-A928-836C86B47DB3}.Release|Any CPU.Build.0 = Release|Any CPU
		{F2DDE933-F22D-4DB2-A928-836C86B47DB3}.Release|ARM.ActiveCfg = Release|Any CPU
		{F2DDE933-F22D-4DB2-A928-836C86B47DB3}.Release|ARM.Build.0 = Release|Any CPU
		{F2DDE933-F22D-4DB2-A928-836C86B47DB3}.Release|iPhone.ActiveCfg = Release|Any CPU
		{F2DDE933-F22D-4DB2-A928-836C86B47DB3}.Release|iPhone.Build.0 = Release|Any CPU
		{F2DDE933-F22D-4DB2-A928-836C86B47DB3}.Release|iPhoneSimulator.ActiveCfg = Release|Any CPU
		{F2DDE933-F22D-4DB2-A928-836C86B47DB3}.Release|iPhoneSimulator.Build.0 = Release|Any CPU
		{F2DDE933-F22D-4DB2-A928-836C86B47DB3}.Release|x64.ActiveCfg = Release|Any CPU
		{F2DDE933-F22D-4DB2-A928-836C86B47DB3}.Release|x64.Build.0 = Release|Any CPU
		{F2DDE933-F22D-4DB2-A928-836C86B47DB3}.Release|x86.ActiveCfg = Release|Any CPU
		{F2DDE933-F22D-4DB2-A928-836C86B47DB3}.Release|x86.Build.0 = Release|Any CPU
		{41DC46FE-B3C9-482D-A2DD-984DAB3C472A}.Ad-Hoc|Any CPU.ActiveCfg = Release|Any CPU
		{41DC46FE-B3C9-482D-A2DD-984DAB3C472A}.Ad-Hoc|Any CPU.Build.0 = Release|Any CPU
		{41DC46FE-B3C9-482D-A2DD-984DAB3C472A}.Ad-Hoc|ARM.ActiveCfg = Release|Any CPU
		{41DC46FE-B3C9-482D-A2DD-984DAB3C472A}.Ad-Hoc|ARM.Build.0 = Release|Any CPU
		{41DC46FE-B3C9-482D-A2DD-984DAB3C472A}.Ad-Hoc|iPhone.ActiveCfg = Release|Any CPU
		{41DC46FE-B3C9-482D-A2DD-984DAB3C472A}.Ad-Hoc|iPhone.Build.0 = Release|Any CPU
		{41DC46FE-B3C9-482D-A2DD-984DAB3C472A}.Ad-Hoc|iPhoneSimulator.ActiveCfg = Release|Any CPU
		{41DC46FE-B3C9-482D-A2DD-984DAB3C472A}.Ad-Hoc|iPhoneSimulator.Build.0 = Release|Any CPU
		{41DC46FE-B3C9-482D-A2DD-984DAB3C472A}.Ad-Hoc|x64.ActiveCfg = Release|Any CPU
		{41DC46FE-B3C9-482D-A2DD-984DAB3C472A}.Ad-Hoc|x64.Build.0 = Release|Any CPU
		{41DC46FE-B3C9-482D-A2DD-984DAB3C472A}.Ad-Hoc|x86.ActiveCfg = Release|Any CPU
		{41DC46FE-B3C9-482D-A2DD-984DAB3C472A}.Ad-Hoc|x86.Build.0 = Release|Any CPU
		{41DC46FE-B3C9-482D-A2DD-984DAB3C472A}.AppStore|Any CPU.ActiveCfg = Release|Any CPU
		{41DC46FE-B3C9-482D-A2DD-984DAB3C472A}.AppStore|Any CPU.Build.0 = Release|Any CPU
		{41DC46FE-B3C9-482D-A2DD-984DAB3C472A}.AppStore|ARM.ActiveCfg = Release|Any CPU
		{41DC46FE-B3C9-482D-A2DD-984DAB3C472A}.AppStore|ARM.Build.0 = Release|Any CPU
		{41DC46FE-B3C9-482D-A2DD-984DAB3C472A}.AppStore|iPhone.ActiveCfg = Release|Any CPU
		{41DC46FE-B3C9-482D-A2DD-984DAB3C472A}.AppStore|iPhone.Build.0 = Release|Any CPU
		{41DC46FE-B3C9-482D-A2DD-984DAB3C472A}.AppStore|iPhoneSimulator.ActiveCfg = Release|Any CPU
		{41DC46FE-B3C9-482D-A2DD-984DAB3C472A}.AppStore|iPhoneSimulator.Build.0 = Release|Any CPU
		{41DC46FE-B3C9-482D-A2DD-984DAB3C472A}.AppStore|x64.ActiveCfg = Release|Any CPU
		{41DC46FE-B3C9-482D-A2DD-984DAB3C472A}.AppStore|x64.Build.0 = Release|Any CPU
		{41DC46FE-B3C9-482D-A2DD-984DAB3C472A}.AppStore|x86.ActiveCfg = Release|Any CPU
		{41DC46FE-B3C9-482D-A2DD-984DAB3C472A}.AppStore|x86.Build.0 = Release|Any CPU
		{41DC46FE-B3C9-482D-A2DD-984DAB3C472A}.Debug|Any CPU.ActiveCfg = Debug|Any CPU
		{41DC46FE-B3C9-482D-A2DD-984DAB3C472A}.Debug|Any CPU.Build.0 = Debug|Any CPU
		{41DC46FE-B3C9-482D-A2DD-984DAB3C472A}.Debug|ARM.ActiveCfg = Debug|Any CPU
		{41DC46FE-B3C9-482D-A2DD-984DAB3C472A}.Debug|ARM.Build.0 = Debug|Any CPU
		{41DC46FE-B3C9-482D-A2DD-984DAB3C472A}.Debug|iPhone.ActiveCfg = Debug|Any CPU
		{41DC46FE-B3C9-482D-A2DD-984DAB3C472A}.Debug|iPhone.Build.0 = Debug|Any CPU
		{41DC46FE-B3C9-482D-A2DD-984DAB3C472A}.Debug|iPhoneSimulator.ActiveCfg = Debug|Any CPU
		{41DC46FE-B3C9-482D-A2DD-984DAB3C472A}.Debug|iPhoneSimulator.Build.0 = Debug|Any CPU
		{41DC46FE-B3C9-482D-A2DD-984DAB3C472A}.Debug|x64.ActiveCfg = Debug|Any CPU
		{41DC46FE-B3C9-482D-A2DD-984DAB3C472A}.Debug|x64.Build.0 = Debug|Any CPU
		{41DC46FE-B3C9-482D-A2DD-984DAB3C472A}.Debug|x86.ActiveCfg = Debug|Any CPU
		{41DC46FE-B3C9-482D-A2DD-984DAB3C472A}.Debug|x86.Build.0 = Debug|Any CPU
		{41DC46FE-B3C9-482D-A2DD-984DAB3C472A}.Release|Any CPU.ActiveCfg = Release|Any CPU
		{41DC46FE-B3C9-482D-A2DD-984DAB3C472A}.Release|Any CPU.Build.0 = Release|Any CPU
		{41DC46FE-B3C9-482D-A2DD-984DAB3C472A}.Release|ARM.ActiveCfg = Release|Any CPU
		{41DC46FE-B3C9-482D-A2DD-984DAB3C472A}.Release|ARM.Build.0 = Release|Any CPU
		{41DC46FE-B3C9-482D-A2DD-984DAB3C472A}.Release|iPhone.ActiveCfg = Release|Any CPU
		{41DC46FE-B3C9-482D-A2DD-984DAB3C472A}.Release|iPhone.Build.0 = Release|Any CPU
		{41DC46FE-B3C9-482D-A2DD-984DAB3C472A}.Release|iPhoneSimulator.ActiveCfg = Release|Any CPU
		{41DC46FE-B3C9-482D-A2DD-984DAB3C472A}.Release|iPhoneSimulator.Build.0 = Release|Any CPU
		{41DC46FE-B3C9-482D-A2DD-984DAB3C472A}.Release|x64.ActiveCfg = Release|Any CPU
		{41DC46FE-B3C9-482D-A2DD-984DAB3C472A}.Release|x64.Build.0 = Release|Any CPU
		{41DC46FE-B3C9-482D-A2DD-984DAB3C472A}.Release|x86.ActiveCfg = Release|Any CPU
		{41DC46FE-B3C9-482D-A2DD-984DAB3C472A}.Release|x86.Build.0 = Release|Any CPU
	EndGlobalSection
	GlobalSection(SolutionProperties) = preSolution
		HideSolutionNode = FALSE
	EndGlobalSection
	GlobalSection(ExtensibilityGlobals) = postSolution
		SolutionGuid = {F221A034-0C43-43C5-88F5-95FC45B38204}
	EndGlobalSection
EndGlobal
